Microsoft Visual Studio Solution File, Format Version 12.00
# Visual Studio Version 17
VisualStudioVersion = 17.5.2.0
MinimumVisualStudioVersion = 10.0.40219.1
Project("{FAE04EC0-301F-11D3-BF4B-00C04F79EFBC}") = "AvaCalc", "AvaCalc.csproj", "{9BB58B48-889E-2ADA-135D-58B0FA7FA5BB}"
EndProject
Global
	GlobalSection(SolutionConfigurationPlatforms) = preSolution
		Debug|Any CPU = Debug|Any CPU
		Release|Any CPU = Release|Any CPU
	EndGlobalSection
	GlobalSection(ProjectConfigurationPlatforms) = postSolution
		{9BB58B48-889E-2ADA-135D-58B0FA7FA5BB}.Debug|Any CPU.ActiveCfg = Debug|Any CPU
		{9BB58B48-889E-2ADA-135D-58B0FA7FA5BB}.Debug|Any CPU.Build.0 = Debug|Any CPU
		{9BB58B48-889E-2ADA-135D-58B0FA7FA5BB}.Release|Any CPU.ActiveCfg = Release|Any CPU
		{9BB58B48-889E-2ADA-135D-58B0FA7FA5BB}.Release|Any CPU.Build.0 = Release|Any CPU
	EndGlobalSection
	GlobalSection(SolutionProperties) = preSolution
		HideSolutionNode = FALSE
	EndGlobalSection
	GlobalSection(ExtensibilityGlobals) = postSolution
		SolutionGuid = {22D41C9D-5F46-4C41-B682-E9B59B728423}
	EndGlobalSection
EndGlobal
